{
  "name": "medium_project",
  "lockfileVersion": 3,
  "requires": true,
  "packages": {
    "": {
      "dependencies": {
        "@aaravrawat/medium-common": "^1.0.0"
      }
    },
    "node_modules/@aaravrawat/medium-common": {
      "version": "1.0.0",
      "resolved": "https://registry.npmjs.org/@aaravrawat/medium-common/-/medium-common-1.0.0.tgz",
      "integrity": "sha512-7Wu9UZG8lwtke7fkP3n5ivyRQ/6Piv+BiDJiuxU7FLQ6mpMi8dbXXoLJplrgKp6ZHF0npmMQjTpgP6jswAWEQA==",
      "dependencies": {
        "zod": "^3.23.8"
      }
    },
    "node_modules/zod": {
      "version": "3.23.8",
      "resolved": "https://registry.npmjs.org/zod/-/zod-3.23.8.tgz",
      "integrity": "sha512-XBx9AXhXktjUqnepgTiE5flcKIYWi/rme0Eaj+5Y0lftuGBq+jyRu/md4WnuxqgP1ubdpNCsYEYPxrzVHD8d6g==",
      "funding": {
        "url": "https://github.com/sponsors/colinhacks"
      }
    }
  }
}
